# THIS IS AN AUTOGENERATED FILE. DO NOT EDIT THIS FILE DIRECTLY.
# yarn lockfile v1


concurrify@^1.1.1:
  version "1.1.1"
  resolved "https://registry.yarnpkg.com/concurrify/-/concurrify-1.1.1.tgz#e903b6500b2ce9af7ac51bd5f2161f8db33cfb41"
  dependencies:
    sanctuary-show "^1.0.0"
    sanctuary-type-identifiers "^2.0.0"

fluture-sanctuary-types@^3.1.0:
  version "3.1.0"
  resolved "https://registry.yarnpkg.com/fluture-sanctuary-types/-/fluture-sanctuary-types-3.1.0.tgz#4f0e3a4fcd56ab95a606cb45bcf0c583411be007"
  dependencies:
    sanctuary-type-identifiers "^2.0.0"

fluture@^10.3.1:
  version "10.3.1"
  resolved "https://registry.yarnpkg.com/fluture/-/fluture-10.3.1.tgz#50e4c95b1d425c2da75bd6b1ba101c1344d4dc27"
  dependencies:
    concurrify "^1.1.1"
    sanctuary-show "^1.0.0"
    sanctuary-type-identifiers "^2.0.0"

ramda-adjunct@^2.16.1:
  version "2.16.1"
  resolved "https://registry.yarnpkg.com/ramda-adjunct/-/ramda-adjunct-2.16.1.tgz#19af36ed58bc1b7bc90c16c4d814bbd5f16ce64c"

ramda@^0.26.1:
  version "0.26.1"
  resolved "https://registry.yarnpkg.com/ramda/-/ramda-0.26.1.tgz#8d41351eb8111c55353617fc3bbffad8e4d35d06"

sanctuary-def@0.18.1:
  version "0.18.1"
  resolved "https://registry.yarnpkg.com/sanctuary-def/-/sanctuary-def-0.18.1.tgz#580af82a3fbbd651e8dddc0ab34b11727ef63b5f"
  dependencies:
    sanctuary-either "1.0.x"
    sanctuary-show "1.0.x"
    sanctuary-type-classes "9.0.x"
    sanctuary-type-identifiers "2.0.x"

sanctuary-either@1.0.0, sanctuary-either@1.0.x:
  version "1.0.0"
  resolved "https://registry.yarnpkg.com/sanctuary-either/-/sanctuary-either-1.0.0.tgz#b6041e54c639700048be757ba4d6c026c2c2f67c"
  dependencies:
    sanctuary-show "1.0.x"
    sanctuary-type-classes "9.0.0"

sanctuary-maybe@1.0.0:
  version "1.0.0"
  resolved "https://registry.yarnpkg.com/sanctuary-maybe/-/sanctuary-maybe-1.0.0.tgz#03cd226d933ec89270e4495a965733390e843afc"
  dependencies:
    sanctuary-show "1.0.x"
    sanctuary-type-classes "9.0.0"

sanctuary-pair@1.0.0:
  version "1.0.0"
  resolved "https://registry.yarnpkg.com/sanctuary-pair/-/sanctuary-pair-1.0.0.tgz#eaf8121f0ba3064e5e0b09bb624bc3885209886a"
  dependencies:
    sanctuary-show "1.0.x"
    sanctuary-type-classes "9.0.0"

sanctuary-show@1.0.0, sanctuary-show@1.0.x, sanctuary-show@^1.0.0:
  version "1.0.0"
  resolved "https://registry.yarnpkg.com/sanctuary-show/-/sanctuary-show-1.0.0.tgz#72deb4812f9decec850e03286807dca1c97a1d61"

sanctuary-type-classes@9.0.0, sanctuary-type-classes@9.0.x:
  version "9.0.0"
  resolved "https://registry.yarnpkg.com/sanctuary-type-classes/-/sanctuary-type-classes-9.0.0.tgz#b44741ca67fa650cbd314e1ad318d730ce1309a4"
  dependencies:
    sanctuary-type-identifiers "1.0.x"

sanctuary-type-identifiers@1.0.x:
  version "1.0.0"
  resolved "https://registry.yarnpkg.com/sanctuary-type-identifiers/-/sanctuary-type-identifiers-1.0.0.tgz#e8f359f006cb5e624cfb8464603fc114608bde9f"

sanctuary-type-identifiers@2.0.1, sanctuary-type-identifiers@2.0.x, sanctuary-type-identifiers@^2.0.0:
  version "2.0.1"
  resolved "https://registry.yarnpkg.com/sanctuary-type-identifiers/-/sanctuary-type-identifiers-2.0.1.tgz#fc524cf6dd92cebfcbb0dd9509eff193159a20ed"

sanctuary@^0.15.1:
  version "0.15.1"
  resolved "https://registry.yarnpkg.com/sanctuary/-/sanctuary-0.15.1.tgz#c5f0efdc28f8698af63615ae02b052fa902def22"
  dependencies:
    sanctuary-def "0.18.1"
    sanctuary-either "1.0.0"
    sanctuary-maybe "1.0.0"
    sanctuary-pair "1.0.0"
    sanctuary-show "1.0.0"
    sanctuary-type-classes "9.0.0"
    sanctuary-type-identifiers "2.0.1"
